// !$*UTF8*$!
{
	archiveVersion = 1;
	classes = {
	};
	objectVersion = 56;
	objects = {

/* Begin PBXBuildFile section */
		4540D45A2B889CBF004E1997 /* AppDelegate.swift in Sources */ = {isa = PBXBuildFile; fileRef = 4540D4592B889CBF004E1997 /* AppDelegate.swift */; };
		4540D45C2B889CBF004E1997 /* SceneDelegate.swift in Sources */ = {isa = PBXBuildFile; fileRef = 4540D45B2B889CBF004E1997 /* SceneDelegate.swift */; };
		4540D45E2B889CBF004E1997 /* ViewController.swift in Sources */ = {isa = PBXBuildFile; fileRef = 4540D45D2B889CBF004E1997 /* ViewController.swift */; };
		4540D4612B889CBF004E1997 /* Main.storyboard in Resources */ = {isa = PBXBuildFile; fileRef = 4540D45F2B889CBF004E1997 /* Main.storyboard */; };
		4540D4632B889CC0004E1997 /* Assets.xcassets in Resources */ = {isa = PBXBuildFile; fileRef = 4540D4622B889CC0004E1997 /* Assets.xcassets */; };
		4540D4662B889CC0004E1997 /* LaunchScreen.storyboard in Resources */ = {isa = PBXBuildFile; fileRef = 4540D4642B889CC0004E1997 /* LaunchScreen.storyboard */; };
		4540D4712B889CC1004E1997 /* StorybTests.swift in Sources */ = {isa = PBXBuildFile; fileRef = 4540D4702B889CC1004E1997 /* StorybTests.swift */; };
		4540D47B2B889CC1004E1997 /* StorybUITests.swift in Sources */ = {isa = PBXBuildFile; fileRef = 4540D47A2B889CC1004E1997 /* StorybUITests.swift */; };
		4540D47D2B889CC1004E1997 /* StorybUITestsLaunchTests.swift in Sources */ = {isa = PBXBuildFile; fileRef = 4540D47C2B889CC1004E1997 /* StorybUITestsLaunchTests.swift */; };
/* End PBXBuildFile section */

/* Begin PBXContainerItemProxy section */
		4540D46D2B889CC1004E1997 /* PBXContainerItemProxy */ = {
			isa = PBXContainerItemProxy;
			containerPortal = 4540D44E2B889CBF004E1997 /* Project object */;
			proxyType = 1;
			remoteGlobalIDString = 4540D4552B889CBF004E1997;
			remoteInfo = Storyb;
		};
		4540D4772B889CC1004E1997 /* PBXContainerItemProxy */ = {
			isa = PBXContainerItemProxy;
			containerPortal = 4540D44E2B889CBF004E1997 /* Project object */;
			proxyType = 1;
			remoteGlobalIDString = 4540D4552B889CBF004E1997;
			remoteInfo = Storyb;
		};
/* End PBXContainerItemProxy section */

/* Begin PBXFileReference section */
		4540D4562B889CBF004E1997 /* Storyb.app */ = {isa = PBXFileReference; explicitFileType = wrapper.application; includeInIndex = 0; path = Storyb.app; sourceTree = BUILT_PRODUCTS_DIR; };
		4540D4592B889CBF004E1997 /* AppDelegate.swift */ = {isa = PBXFileReference; lastKnownFileType = sourcecode.swift; path = AppDelegate.swift; sourceTree = "<group>"; };
		4540D45B2B889CBF004E1997 /* SceneDelegate.swift */ = {isa = PBXFileReference; lastKnownFileType = sourcecode.swift; path = SceneDelegate.swift; sourceTree = "<group>"; };
		4540D45D2B889CBF004E1997 /* ViewController.swift */ = {isa = PBXFileReference; lastKnownFileType = sourcecode.swift; path = ViewController.swift; sourceTree = "<group>"; };
		4540D4602B889CBF004E1997 /* Base */ = {isa = PBXFileReference; lastKnownFileType = file.storyboard; name = Base; path = Base.lproj/Main.storyboard; sourceTree = "<group>"; };
		4540D4622B889CC0004E1997 /* Assets.xcassets */ = {isa = PBXFileReference; lastKnownFileType = folder.assetcatalog; path = Assets.xcassets; sourceTree = "<group>"; };
		4540D4652B889CC0004E1997 /* Base */ = {isa = PBXFileReference; lastKnownFileType = file.storyboard; name = Base; path = Base.lproj/LaunchScreen.storyboard; sourceTree = "<group>"; };
		4540D4672B889CC0004E1997 /* Info.plist */ = {isa = PBXFileReference; lastKnownFileType = text.plist.xml; path = Info.plist; sourceTree = "<group>"; };
		4540D46C2B889CC1004E1997 /* StorybTests.xctest */ = {isa = PBXFileReference; explicitFileType = wrapper.cfbundle; includeInIndex = 0; path = StorybTests.xctest; sourceTree = BUILT_PRODUCTS_DIR; };
		4540D4702B889CC1004E1997 /* StorybTests.swift */ = {isa = PBXFileReference; lastKnownFileType = sourcecode.swift; path = StorybTests.swift; sourceTree = "<group>"; };
		4540D4762B889CC1004E1997 /* StorybUITests.xctest */ = {isa = PBXFileReference; explicitFileType = wrapper.cfbundle; includeInIndex = 0; path = StorybUITests.xctest; sourceTree = BUILT_PRODUCTS_DIR; };
		4540D47A2B889CC1004E1997 /* StorybUITests.swift */ = {isa = PBXFileReference; lastKnownFileType = sourcecode.swift; path = StorybUITests.swift; sourceTree = "<group>"; };
		4540D47C2B889CC1004E1997 /* StorybUITestsLaunchTests.swift */ = {isa = PBXFileReference; lastKnownFileType = sourcecode.swift; path = StorybUITestsLaunchTests.swift; sourceTree = "<group>"; };
/* End PBXFileReference section */

/* Begin PBXFrameworksBuildPhase section */
		4540D4532B889CBF004E1997 /* Frameworks */ = {
			isa = PBXFrameworksBuildPhase;
			buildActionMask = 2147483647;
			files = (
			);
			runOnlyForDeploymentPostprocessing = 0;
		};
		4540D4692B889CC1004E1997 /* Frameworks */ = {
			isa = PBXFrameworksBuildPhase;
			buildActionMask = 2147483647;
			files = (
			);
			runOnlyForDeploymentPostprocessing = 0;
		};
		4540D4732B889CC1004E1997 /* Frameworks */ = {
			isa = PBXFrameworksBuildPhase;
			buildActionMask = 2147483647;
			files = (
			);
			runOnlyForDeploymentPostprocessing = 0;
		};
/* End PBXFrameworksBuildPhase section */

/* Begin PBXGroup section */
		4540D44D2B889CBF004E1997 = {
			isa = PBXGroup;
			children = (
				4540D4582B889CBF004E1997 /* Storyb */,
				4540D46F2B889CC1004E1997 /* StorybTests */,
				4540D4792B889CC1004E1997 /* StorybUITests */,
				4540D4572B889CBF004E1997 /* Products */,
			);
			sourceTree = "<group>";
		};
		4540D4572B889CBF004E1997 /* Products */ = {
			isa = PBXGroup;
			children = (
				4540D4562B889CBF004E1997 /* Storyb.app */,
				4540D46C2B889CC1004E1997 /* StorybTests.xctest */,
				4540D4762B889CC1004E1997 /* StorybUITests.xctest */,
			);
			name = Products;
			sourceTree = "<group>";
		};
		4540D4582B889CBF004E1997 /* Storyb */ = {
			isa = PBXGroup;
			children = (
				4540D4592B889CBF004E1997 /* AppDelegate.swift */,
				4540D45B2B889CBF004E1997 /* SceneDelegate.swift */,
				4540D45D2B889CBF004E1997 /* ViewController.swift */,
				4540D45F2B889CBF004E1997 /* Main.storyboard */,
				4540D4622B889CC0004E1997 /* Assets.xcassets */,
				4540D4642B889CC0004E1997 /* LaunchScreen.storyboard */,
				4540D4672B889CC0004E1997 /* Info.plist */,
			);
			path = Storyb;
			sourceTree = "<group>";
		};
		4540D46F2B889CC1004E1997 /* StorybTests */ = {
			isa = PBXGroup;
			children = (
				4540D4702B889CC1004E1997 /* StorybTests.swift */,
			);
			path = StorybTests;
			sourceTree = "<group>";
		};
		4540D4792B889CC1004E1997 /* StorybUITests */ = {
			isa = PBXGroup;
			children = (
				4540D47A2B889CC1004E1997 /* StorybUITests.swift */,
				4540D47C2B889CC1004E1997 /* StorybUITestsLaunchTests.swift */,
			);
			path = StorybUITests;
			sourceTree = "<group>";
		};
/* End PBXGroup section */

/* Begin PBXNativeTarget section */
		4540D4552B889CBF004E1997 /* Storyb */ = {
			isa = PBXNativeTarget;
			buildConfigurationList = 4540D4802B889CC1004E1997 /* Build configuration list for PBXNativeTarget "Storyb" */;
			buildPhases = (
				4540D4522B889CBF004E1997 /* Sources */,
				4540D4532B889CBF004E1997 /* Frameworks */,
				4540D4542B889CBF004E1997 /* Resources */,
			);
			buildRules = (
			);
			dependencies = (
			);
			name = Storyb;
			productName = Storyb;
			productReference = 4540D4562B889CBF004E1997 /* Storyb.app */;
			productType = "com.apple.product-type.application";
		};
		4540D46B2B889CC1004E1997 /* StorybTests */ = {
			isa = PBXNativeTarget;
			buildConfigurationList = 4540D4832B889CC1004E1997 /* Build configuration list for PBXNativeTarget "StorybTests" */;
			buildPhases = (
				4540D4682B889CC1004E1997 /* Sources */,
				4540D4692B889CC1004E1997 /* Frameworks */,
				4540D46A2B889CC1004E1997 /* Resources */,
			);
			buildRules = (
			);
			dependencies = (
				4540D46E2B889CC1004E1997 /* PBXTargetDependency */,
			);
			name = StorybTests;
			productName = StorybTests;
			productReference = 4540D46C2B889CC1004E1997 /* StorybTests.xctest */;
			productType = "com.apple.product-type.bundle.unit-test";
		};
		4540D4752B889CC1004E1997 /* StorybUITests */ = {
			isa = PBXNativeTarget;
			buildConfigurationList = 4540D4862B889CC1004E1997 /* Build configuration list for PBXNativeTarget "StorybUITests" */;
			buildPhases = (
				4540D4722B889CC1004E1997 /* Sources */,
				4540D4732B889CC1004E1997 /* Frameworks */,
				4540D4742B889CC1004E1997 /* Resources */,
			);
			buildRules = (
			);
			dependencies = (
				4540D4782B889CC1004E1997 /* PBXTargetDependency */,
			);
			name = StorybUITests;
			productName = StorybUITests;
			productReference = 4540D4762B889CC1004E1997 /* StorybUITests.xctest */;
			productType = "com.apple.product-type.bundle.ui-testing";
		};
/* End PBXNativeTarget section */

/* Begin PBXProject section */
		4540D44E2B889CBF004E1997 /* Project object */ = {
			isa = PBXProject;
			attributes = {
				BuildIndependentTargetsInParallel = 1;
				LastSwiftUpdateCheck = 1520;
				LastUpgradeCheck = 1520;
				TargetAttributes = {
					4540D4552B889CBF004E1997 = {
						CreatedOnToolsVersion = 15.2;
					};
					4540D46B2B889CC1004E1997 = {
						CreatedOnToolsVersion = 15.2;
						TestTargetID = 4540D4552B889CBF004E1997;
					};
					4540D4752B889CC1004E1997 = {
						CreatedOnToolsVersion = 15.2;
						TestTargetID = 4540D4552B889CBF004E1997;
					};
				};
			};
			buildConfigurationList = 4540D4512B889CBF004E1997 /* Build configuration list for PBXProject "Storyb" */;
			compatibilityVersion = "Xcode 14.0";
			developmentRegion = en;
			hasScannedForEncodings = 0;
			knownRegions = (
				en,
				Base,
			);
			mainGroup = 4540D44D2B889CBF004E1997;
			productRefGroup = 4540D4572B889CBF004E1997 /* Products */;
			projectDirPath = "";
			projectRoot = "";
			targets = (
				4540D4552B889CBF004E1997 /* Storyb */,
				4540D46B2B889CC1004E1997 /* StorybTests */,
				4540D4752B889CC1004E1997 /* StorybUITests */,
			);
		};
/* End PBXProject section */

/* Begin PBXResourcesBuildPhase section */
		4540D4542B889CBF004E1997 /* Resources */ = {
			isa = PBXResourcesBuildPhase;
			buildActionMask = 2147483647;
			files = (
				4540D4662B889CC0004E1997 /* LaunchScreen.storyboard in Resources */,
				4540D4632B889CC0004E1997 /* Assets.xcassets in Resources */,
				4540D4612B889CBF004E1997 /* Main.storyboard in Resources */,
			);
			runOnlyForDeploymentPostprocessing = 0;
		};
		4540D46A2B889CC1004E1997 /* Resources */ = {
			isa = PBXResourcesBuildPhase;
			buildActionMask = 2147483647;
			files = (
			);
			runOnlyForDeploymentPostprocessing = 0;
		};
		4540D4742B889CC1004E1997 /* Resources */ = {
			isa = PBXResourcesBuildPhase;
			buildActionMask = 2147483647;
			files = (
			);
			runOnlyForDeploymentPostprocessing = 0;
		};
/* End PBXResourcesBuildPhase section */

/* Begin PBXSourcesBuildPhase section */
		4540D4522B889CBF004E1997 /* Sources */ = {
			isa = PBXSourcesBuildPhase;
			buildActionMask = 2147483647;
			files = (
				4540D45E2B889CBF004E1997 /* ViewController.swift in Sources */,
				4540D45A2B889CBF004E1997 /* AppDelegate.swift in Sources */,
				4540D45C2B889CBF004E1997 /* SceneDelegate.swift in Sources */,
			);
			runOnlyForDeploymentPostprocessing = 0;
		};
		4540D4682B889CC1004E1997 /* Sources */ = {
			isa = PBXSourcesBuildPhase;
			buildActionMask = 2147483647;
			files = (
				4540D4712B889CC1004E1997 /* StorybTests.swift in Sources */,
			);
			runOnlyForDeploymentPostprocessing = 0;
		};
		4540D4722B889CC1004E1997 /* Sources */ = {
			isa = PBXSourcesBuildPhase;
			buildActionMask = 2147483647;
			files = (
				4540D47B2B889CC1004E1997 /* StorybUITests.swift in Sources */,
				4540D47D2B889CC1004E1997 /* StorybUITestsLaunchTests.swift in Sources */,
			);
			runOnlyForDeploymentPostprocessing = 0;
		};
/* End PBXSourcesBuildPhase section */

/* Begin PBXTargetDependency section */
		4540D46E2B889CC1004E1997 /* PBXTargetDependency */ = {
			isa = PBXTargetDependency;
			target = 4540D4552B889CBF004E1997 /* Storyb */;
			targetProxy = 4540D46D2B889CC1004E1997 /* PBXContainerItemProxy */;
		};
		4540D4782B889CC1004E1997 /* PBXTargetDependency */ = {
			isa = PBXTargetDependency;
			target = 4540D4552B889CBF004E1997 /* Storyb */;
			targetProxy = 4540D4772B889CC1004E1997 /* PBXContainerItemProxy */;
		};
/* End PBXTargetDependency section */

/* Begin PBXVariantGroup section */
		4540D45F2B889CBF004E1997 /* Main.storyboard */ = {
			isa = PBXVariantGroup;
			children = (
				4540D4602B889CBF004E1997 /* Base */,
			);
			name = Main.storyboard;
			sourceTree = "<group>";
		};
		4540D4642B889CC0004E1997 /* LaunchScreen.storyboard */ = {
			isa = PBXVariantGroup;
			children = (
				4540D4652B889CC0004E1997 /* Base */,
			);
			name = LaunchScreen.storyboard;
			sourceTree = "<group>";
		};
/* End PBXVariantGroup section */

/* Begin XCBuildConfiguration section */
		4540D47E2B889CC1004E1997 /* Debug */ = {
			isa = XCBuildConfiguration;
			buildSettings = {
				ALWAYS_SEARCH_USER_PATHS = NO;
				ASSETCATALOG_COMPILER_GENERATE_SWIFT_ASSET_SYMBOL_EXTENSIONS = YES;
				CLANG_ANALYZER_NONNULL = YES;
				CLANG_ANALYZER_NUMBER_OBJECT_CONVERSION = YES_AGGRESSIVE;
				CLANG_CXX_LANGUAGE_STANDARD = "gnu++20";
				CLANG_ENABLE_MODULES = YES;
				CLANG_ENABLE_OBJC_ARC = YES;
				CLANG_ENABLE_OBJC_WEAK = YES;
				CLANG_WARN_BLOCK_CAPTURE_AUTORELEASING = YES;
				CLANG_WARN_BOOL_CONVERSION = YES;
				CLANG_WARN_COMMA = YES;
				CLANG_WARN_CONSTANT_CONVERSION = YES;
				CLANG_WARN_DEPRECATED_OBJC_IMPLEMENTATIONS = YES;
				CLANG_WARN_DIRECT_OBJC_ISA_USAGE = YES_ERROR;
				CLANG_WARN_DOCUMENTATION_COMMENTS = YES;
				CLANG_WARN_EMPTY_BODY = YES;
				CLANG_WARN_ENUM_CONVERSION = YES;
				CLANG_WARN_INFINITE_RECURSION = YES;
				CLANG_WARN_INT_CONVERSION = YES;
				CLANG_WARN_NON_LITERAL_NULL_CONVERSION = YES;
				CLANG_WARN_OBJC_IMPLICIT_RETAIN_SELF = YES;
				CLANG_WARN_OBJC_LITERAL_CONVERSION = YES;
				CLANG_WARN_OBJC_ROOT_CLASS = YES_ERROR;
				CLANG_WARN_QUOTED_INCLUDE_IN_FRAMEWORK_HEADER = YES;
				CLANG_WARN_RANGE_LOOP_ANALYSIS = YES;
				CLANG_WARN_STRICT_PROTOTYPES = YES;
				CLANG_WARN_SUSPICIOUS_MOVE = YES;
				CLANG_WARN_UNGUARDED_AVAILABILITY = YES_AGGRESSIVE;
				CLANG_WARN_UNREACHABLE_CODE = YES;
				CLANG_WARN__DUPLICATE_METHOD_MATCH = YES;
				COPY_PHASE_STRIP = NO;
				DEBUG_INFORMATION_FORMAT = dwarf;
				ENABLE_STRICT_OBJC_MSGSEND = YES;
				ENABLE_TESTABILITY = YES;
				ENABLE_USER_SCRIPT_SANDBOXING = YES;
				GCC_C_LANGUAGE_STANDARD = gnu17;
				GCC_DYNAMIC_NO_PIC = NO;
				GCC_NO_COMMON_BLOCKS = YES;
				GCC_OPTIMIZATION_LEVEL = 0;
				GCC_PREPROCESSOR_DEFINITIONS = (
					"DEBUG=1",
					"$(inherited)",
				);
				GCC_WARN_64_TO_32_BIT_CONVERSION = YES;
				GCC_WARN_ABOUT_RETURN_TYPE = YES_ERROR;
				GCC_WARN_UNDECLARED_SELECTOR = YES;
				GCC_WARN_UNINITIALIZED_AUTOS = YES_AGGRESSIVE;
				GCC_WARN_UNUSED_FUNCTION = YES;
				GCC_WARN_UNUSED_VARIABLE = YES;
				IPHONEOS_DEPLOYMENT_TARGET = 17.2;
				LOCALIZATION_PREFERS_STRING_CATALOGS = YES;
				MTL_ENABLE_DEBUG_INFO = INCLUDE_SOURCE;
				MTL_FAST_MATH = YES;
				ONLY_ACTIVE_ARCH = YES;
				SDKROOT = iphoneos;
				SWIFT_ACTIVE_COMPILATION_CONDITIONS = "DEBUG $(inherited)";
				SWIFT_OPTIMIZATION_LEVEL = "-Onone";
			};
			name = Debug;
		};
		4540D47F2B889CC1004E1997 /* Release */ = {
			isa = XCBuildConfiguration;
			buildSettings = {
				ALWAYS_SEARCH_USER_PATHS = NO;
				ASSETCATALOG_COMPILER_GENERATE_SWIFT_ASSET_SYMBOL_EXTENSIONS = YES;
				CLANG_ANALYZER_NONNULL = YES;
				CLANG_ANALYZER_NUMBER_OBJECT_CONVERSION = YES_AGGRESSIVE;
				CLANG_CXX_LANGUAGE_STANDARD = "gnu++20";
				CLANG_ENABLE_MODULES = YES;
				CLANG_ENABLE_OBJC_ARC = YES;
				CLANG_ENABLE_OBJC_WEAK = YES;
				CLANG_WARN_BLOCK_CAPTURE_AUTORELEASING = YES;
				CLANG_WARN_BOOL_CONVERSION = YES;
				CLANG_WARN_COMMA = YES;
				CLANG_WARN_CONSTANT_CONVERSION = YES;
				CLANG_WARN_DEPRECATED_OBJC_IMPLEMENTATIONS = YES;
				CLANG_WARN_DIRECT_OBJC_ISA_USAGE = YES_ERROR;
				CLANG_WARN_DOCUMENTATION_COMMENTS = YES;
				CLANG_WARN_EMPTY_BODY = YES;
				CLANG_WARN_ENUM_CONVERSION = YES;
				CLANG_WARN_INFINITE_RECURSION = YES;
				CLANG_WARN_INT_CONVERSION = YES;
				CLANG_WARN_NON_LITERAL_NULL_CONVERSION = YES;
				CLANG_WARN_OBJC_IMPLICIT_RETAIN_SELF = YES;
				CLANG_WARN_OBJC_LITERAL_CONVERSION = YES;
				CLANG_WARN_OBJC_ROOT_CLASS = YES_ERROR;
				CLANG_WARN_QUOTED_INCLUDE_IN_FRAMEWORK_HEADER = YES;
				CLANG_WARN_RANGE_LOOP_ANALYSIS = YES;
				CLANG_WARN_STRICT_PROTOTYPES = YES;
				CLANG_WARN_SUSPICIOUS_MOVE = YES;
				CLANG_WARN_UNGUARDED_AVAILABILITY = YES_AGGRESSIVE;
				CLANG_WARN_UNREACHABLE_CODE = YES;
				CLANG_WARN__DUPLICATE_METHOD_MATCH = YES;
				COPY_PHASE_STRIP = NO;
				DEBUG_INFORMATION_FORMAT = "dwarf-with-dsym";
				ENABLE_NS_ASSERTIONS = NO;
				ENABLE_STRICT_OBJC_MSGSEND = YES;
				ENABLE_USER_SCRIPT_SANDBOXING = YES;
				GCC_C_LANGUAGE_STANDARD = gnu17;
				GCC_NO_COMMON_BLOCKS = YES;
				GCC_WARN_64_TO_32_BIT_CONVERSION = YES;
				GCC_WARN_ABOUT_RETURN_TYPE = YES_ERROR;
				GCC_WARN_UNDECLARED_SELECTOR = YES;
				GCC_WARN_UNINITIALIZED_AUTOS = YES_AGGRESSIVE;
				GCC_WARN_UNUSED_FUNCTION = YES;
				GCC_WARN_UNUSED_VARIABLE = YES;
				IPHONEOS_DEPLOYMENT_TARGET = 17.2;
				LOCALIZATION_PREFERS_STRING_CATALOGS = YES;
				MTL_ENABLE_DEBUG_INFO = NO;
				MTL_FAST_MATH = YES;
				SDKROOT = iphoneos;
				SWIFT_COMPILATION_MODE = wholemodule;
				VALIDATE_PRODUCT = YES;
			};
			name = Release;
		};
		4540D4812B889CC1004E1997 /* Debug */ = {
			isa = XCBuildConfiguration;
			buildSettings = {
				ASSETCATALOG_COMPILER_APPICON_NAME = AppIcon;
				ASSETCATALOG_COMPILER_GLOBAL_ACCENT_COLOR_NAME = AccentColor;
				CODE_SIGN_STYLE = Automatic;
				CURRENT_PROJECT_VERSION = 1;
				GENERATE_INFOPLIST_FILE = YES;
				INFOPLIST_FILE = Storyb/Info.plist;
				INFOPLIST_KEY_UIApplicationSupportsIndirectInputEvents = YES;
				INFOPLIST_KEY_UILaunchStoryboardName = LaunchScreen;
				INFOPLIST_KEY_UIMainStoryboardFile = Main;
				INFOPLIST_KEY_UISupportedInterfaceOrientations_iPad = "UIInterfaceOrientationPortrait UIInterfaceOrientationPortraitUpsideDown UIInterfaceOrientationLandscapeLeft UIInterfaceOrientationLandscapeRight";
				INFOPLIST_KEY_UISupportedInterfaceOrientations_iPhone = "UIInterfaceOrientationPortrait UIInterfaceOrientationLandscapeLeft UIInterfaceOrientationLandscapeRight";
				LD_RUNPATH_SEARCH_PATHS = (
					"$(inherited)",
					"@executable_path/Frameworks",
				);
				MARKETING_VERSION = 1.0;
				PRODUCT_BUNDLE_IDENTIFIER = test.Storyb;
				PRODUCT_NAME = "$(TARGET_NAME)";
				SWIFT_EMIT_LOC_STRINGS = YES;
				SWIFT_VERSION = 5.0;
				TARGETED_DEVICE_FAMILY = "1,2";
			};
			name = Debug;
		};
		4540D4822B889CC1004E1997 /* Release */ = {
			isa = XCBuildConfiguration;
			buildSettings = {
				ASSETCATALOG_COMPILER_APPICON_NAME = AppIcon;
				ASSETCATALOG_COMPILER_GLOBAL_ACCENT_COLOR_NAME = AccentColor;
				CODE_SIGN_STYLE = Automatic;
				CURRENT_PROJECT_VERSION = 1;
				GENERATE_INFOPLIST_FILE = YES;
				INFOPLIST_FILE = Storyb/Info.plist;
				INFOPLIST_KEY_UIApplicationSupportsIndirectInputEvents = YES;
				INFOPLIST_KEY_UILaunchStoryboardName = LaunchScreen;
				INFOPLIST_KEY_UIMainStoryboardFile = Main;
				INFOPLIST_KEY_UISupportedInterfaceOrientations_iPad = "UIInterfaceOrientationPortrait UIInterfaceOrientationPortraitUpsideDown UIInterfaceOrientationLandscapeLeft UIInterfaceOrientationLandscapeRight";
				INFOPLIST_KEY_UISupportedInterfaceOrientations_iPhone = "UIInterfaceOrientationPortrait UIInterfaceOrientationLandscapeLeft UIInterfaceOrientationLandscapeRight";
				LD_RUNPATH_SEARCH_PATHS = (
					"$(inherited)",
					"@executable_path/Frameworks",
				);
				MARKETING_VERSION = 1.0;
				PRODUCT_BUNDLE_IDENTIFIER = test.Storyb;
				PRODUCT_NAME = "$(TARGET_NAME)";
				SWIFT_EMIT_LOC_STRINGS = YES;
				SWIFT_VERSION = 5.0;
				TARGETED_DEVICE_FAMILY = "1,2";
			};
			name = Release;
		};
		4540D4842B889CC1004E1997 /* Debug */ = {
			isa = XCBuildConfiguration;
			buildSettings = {
				ALWAYS_EMBED_SWIFT_STANDARD_LIBRARIES = YES;
				BUNDLE_LOADER = "$(TEST_HOST)";
				CODE_SIGN_STYLE = Automatic;
				CURRENT_PROJECT_VERSION = 1;
				GENERATE_INFOPLIST_FILE = YES;
				IPHONEOS_DEPLOYMENT_TARGET = 17.2;
				MARKETING_VERSION = 1.0;
				PRODUCT_BUNDLE_IDENTIFIER = test.StorybTests;
				PRODUCT_NAME = "$(TARGET_NAME)";
				SWIFT_EMIT_LOC_STRINGS = NO;
				SWIFT_VERSION = 5.0;
				TARGETED_DEVICE_FAMILY = "1,2";
				TEST_HOST = "$(BUILT_PRODUCTS_DIR)/Storyb.app/$(BUNDLE_EXECUTABLE_FOLDER_PATH)/Storyb";
			};
			name = Debug;
		};
		4540D4852B889CC1004E1997 /* Release */ = {
			isa = XCBuildConfiguration;
			buildSettings = {
				ALWAYS_EMBED_SWIFT_STANDARD_LIBRARIES = YES;
				BUNDLE_LOADER = "$(TEST_HOST)";
				CODE_SIGN_STYLE = Automatic;
				CURRENT_PROJECT_VERSION = 1;
				GENERATE_INFOPLIST_FILE = YES;
				IPHONEOS_DEPLOYMENT_TARGET = 17.2;
				MARKETING_VERSION = 1.0;
				PRODUCT_BUNDLE_IDENTIFIER = test.StorybTests;
				PRODUCT_NAME = "$(TARGET_NAME)";
				SWIFT_EMIT_LOC_STRINGS = NO;
				SWIFT_VERSION = 5.0;
				TARGETED_DEVICE_FAMILY = "1,2";
				TEST_HOST = "$(BUILT_PRODUCTS_DIR)/Storyb.app/$(BUNDLE_EXECUTABLE_FOLDER_PATH)/Storyb";
			};
			name = Release;
		};
		4540D4872B889CC1004E1997 /* Debug */ = {
			isa = XCBuildConfiguration;
			buildSettings = {
				ALWAYS_EMBED_SWIFT_STANDARD_LIBRARIES = YES;
				CODE_SIGN_STYLE = Automatic;
				CURRENT_PROJECT_VERSION = 1;
				GENERATE_INFOPLIST_FILE = YES;
				MARKETING_VERSION = 1.0;
				PRODUCT_BUNDLE_IDENTIFIER = test.StorybUITests;
				PRODUCT_NAME = "$(TARGET_NAME)";
				SWIFT_EMIT_LOC_STRINGS = NO;
				SWIFT_VERSION = 5.0;
				TARGETED_DEVICE_FAMILY = "1,2";
				TEST_TARGET_NAME = Storyb;
			};
			name = Debug;
		};
		4540D4882B889CC1004E1997 /* Release */ = {
			isa = XCBuildConfiguration;
			buildSettings = {
				ALWAYS_EMBED_SWIFT_STANDARD_LIBRARIES = YES;
				CODE_SIGN_STYLE = Automatic;
				CURRENT_PROJECT_VERSION = 1;
				GENERATE_INFOPLIST_FILE = YES;
				MARKETING_VERSION = 1.0;
				PRODUCT_BUNDLE_IDENTIFIER = test.StorybUITests;
				PRODUCT_NAME = "$(TARGET_NAME)";
				SWIFT_EMIT_LOC_STRINGS = NO;
				SWIFT_VERSION = 5.0;
				TARGETED_DEVICE_FAMILY = "1,2";
				TEST_TARGET_NAME = Storyb;
			};
			name = Release;
		};
/* End XCBuildConfiguration section */

/* Begin XCConfigurationList section */
		4540D4512B889CBF004E1997 /* Build configuration list for PBXProject "Storyb" */ = {
			isa = XCConfigurationList;
			buildConfigurations = (
				4540D47E2B889CC1004E1997 /* Debug */,
				4540D47F2B889CC1004E1997 /* Release */,
			);
			defaultConfigurationIsVisible = 0;
			defaultConfigurationName = Release;
		};
		4540D4802B889CC1004E1997 /* Build configuration list for PBXNativeTarget "Storyb" */ = {
			isa = XCConfigurationList;
			buildConfigurations = (
				4540D4812B889CC1004E1997 /* Debug */,
				4540D4822B889CC1004E1997 /* Release */,
			);
			defaultConfigurationIsVisible = 0;
			defaultConfigurationName = Release;
		};
		4540D4832B889CC1004E1997 /* Build configuration list for PBXNativeTarget "StorybTests" */ = {
			isa = XCConfigurationList;
			buildConfigurations = (
				4540D4842B889CC1004E1997 /* Debug */,
				4540D4852B889CC1004E1997 /* Release */,
			);
			defaultConfigurationIsVisible = 0;
			defaultConfigurationName = Release;
		};
		4540D4862B889CC1004E1997 /* Build configuration list for PBXNativeTarget "StorybUITests" */ = {
			isa = XCConfigurationList;
			buildConfigurations = (
				4540D4872B889CC1004E1997 /* Debug */,
				4540D4882B889CC1004E1997 /* Release */,
			);
			defaultConfigurationIsVisible = 0;
			defaultConfigurationName = Release;
		};
/* End XCConfigurationList section */
	};
	rootObject = 4540D44E2B889CBF004E1997 /* Project object */;
}
